
Microsoft Visual Studio Solution File, Format Version 12.00
# Visual Studio Version 16
VisualStudioVersion = 16.0.29920.165
MinimumVisualStudioVersion = 10.0.40219.1
Project("{9A19103F-16F7-4668-BE54-9A1E7A4F7556}") = "Gamemaster", "Gamemaster\Gamemaster.csproj", "{AD2E0AD7-268A-4E1A-B787-1C70F8C0362C}"
EndProject
Global
	GlobalSection(SolutionConfigurationPlatforms) = preSolution
		Debug|Any CPU = Debug|Any CPU
		Release|Any CPU = Release|Any CPU
	EndGlobalSection
	GlobalSection(ProjectConfigurationPlatforms) = postSolution
		{AD2E0AD7-268A-4E1A-B787-1C70F8C0362C}.Debug|Any CPU.ActiveCfg = Debug|Any CPU
		{AD2E0AD7-268A-4E1A-B787-1C70F8C0362C}.Debug|Any CPU.Build.0 = Debug|Any CPU
		{AD2E0AD7-268A-4E1A-B787-1C70F8C0362C}.Release|Any CPU.ActiveCfg = Release|Any CPU
		{AD2E0AD7-268A-4E1A-B787-1C70F8C0362C}.Release|Any CPU.Build.0 = Release|Any CPU
	EndGlobalSection
	GlobalSection(SolutionProperties) = preSolution
		HideSolutionNode = FALSE
	EndGlobalSection
	GlobalSection(ExtensibilityGlobals) = postSolution
		SolutionGuid = {BF2F88A5-A1B2-4ABF-B338-0F27C44865D2}
	EndGlobalSection
EndGlobal
