
Microsoft Visual Studio Solution File, Format Version 12.00
# Visual Studio 15
VisualStudioVersion = 15.0.28307.106
MinimumVisualStudioVersion = 10.0.40219.1
Project("{9A19103F-16F7-4668-BE54-9A1E7A4F7556}") = "ScavengePad", "ScavengePad\ScavengePad.csproj", "{CC7F4060-7BED-42B5-BF84-C6B6FBDA97BE}"
EndProject
Project("{9A19103F-16F7-4668-BE54-9A1E7A4F7556}") = "SharpReverseProxy", "SharpReverseProxy\SharpReverseProxy.csproj", "{C7A601C5-6E82-485E-B299-6D76CA5A03D1}"
EndProject
Project("{E53339B2-1760-4266-BCC7-CA923CBCF16C}") = "docker-compose", "docker-compose.dcproj", "{AAC5B50F-C139-45FA-B255-380260C66AF9}"
EndProject
Global
	GlobalSection(SolutionConfigurationPlatforms) = preSolution
		Debug|Any CPU = Debug|Any CPU
		Release|Any CPU = Release|Any CPU
	EndGlobalSection
	GlobalSection(ProjectConfigurationPlatforms) = postSolution
		{CC7F4060-7BED-42B5-BF84-C6B6FBDA97BE}.Debug|Any CPU.ActiveCfg = Debug|Any CPU
		{CC7F4060-7BED-42B5-BF84-C6B6FBDA97BE}.Debug|Any CPU.Build.0 = Debug|Any CPU
		{CC7F4060-7BED-42B5-BF84-C6B6FBDA97BE}.Release|Any CPU.ActiveCfg = Release|Any CPU
		{CC7F4060-7BED-42B5-BF84-C6B6FBDA97BE}.Release|Any CPU.Build.0 = Release|Any CPU
		{C7A601C5-6E82-485E-B299-6D76CA5A03D1}.Debug|Any CPU.ActiveCfg = Debug|Any CPU
		{C7A601C5-6E82-485E-B299-6D76CA5A03D1}.Debug|Any CPU.Build.0 = Debug|Any CPU
		{C7A601C5-6E82-485E-B299-6D76CA5A03D1}.Release|Any CPU.ActiveCfg = Release|Any CPU
		{C7A601C5-6E82-485E-B299-6D76CA5A03D1}.Release|Any CPU.Build.0 = Release|Any CPU
		{AAC5B50F-C139-45FA-B255-380260C66AF9}.Debug|Any CPU.ActiveCfg = Debug|Any CPU
		{AAC5B50F-C139-45FA-B255-380260C66AF9}.Debug|Any CPU.Build.0 = Debug|Any CPU
		{AAC5B50F-C139-45FA-B255-380260C66AF9}.Release|Any CPU.ActiveCfg = Release|Any CPU
		{AAC5B50F-C139-45FA-B255-380260C66AF9}.Release|Any CPU.Build.0 = Release|Any CPU
	EndGlobalSection
	GlobalSection(SolutionProperties) = preSolution
		HideSolutionNode = FALSE
	EndGlobalSection
	GlobalSection(ExtensibilityGlobals) = postSolution
		SolutionGuid = {C652F38A-DCB7-4D59-829A-C98FEAF136DD}
	EndGlobalSection
EndGlobal
